{
  "object": {
    "pins": [
      {
        "package": "CollectionAndTableViewCompatible",
        "repositoryURL": "https://github.com/jayway/CollectionAndTableViewCompatible",
        "state": {
          "branch": "master",
          "revision": "a5ae1c3696752bcb52df9d5e7d4ebfee2c69483f",
          "version": null
        }
      },
      {
        "package": "ObjectMapper",
        "repositoryURL": "https://github.com/tristanhimmelman/ObjectMapper.git",
        "state": {
          "branch": null,
          "revision": "0b96a734de3ea1c87374ae677064f86adb0716ec",
          "version": "4.2.0"
        }
      }
    ]
  },
  "version": 1
}
